
Microsoft Visual Studio Solution File, Format Version 12.00
# Visual Studio Version 16
VisualStudioVersion = 16.0.28531.58
MinimumVisualStudioVersion = 10.0.40219.1
Project("{FAE04EC0-301F-11D3-BF4B-00C04F79EFBC}") = "M.T.A.L Studio", "M.T.A.L Studio\M.T.A.L Studio.csproj", "{133879FC-E09D-4F6D-947D-BCF14DDEF6CC}"
EndProject
Project("{54435603-DBB4-11D2-8724-00A0C9A8B90C}") = "Setup1", "Setup1\Setup1.vdproj", "{06A41B61-9C54-45D1-84D6-A97EC3699D91}"
EndProject
Global
	GlobalSection(SolutionConfigurationPlatforms) = preSolution
		Debug|Any CPU = Debug|Any CPU
		Release|Any CPU = Release|Any CPU
	EndGlobalSection
	GlobalSection(ProjectConfigurationPlatforms) = postSolution
		{133879FC-E09D-4F6D-947D-BCF14DDEF6CC}.Debug|Any CPU.ActiveCfg = Debug|Any CPU
		{133879FC-E09D-4F6D-947D-BCF14DDEF6CC}.Debug|Any CPU.Build.0 = Debug|Any CPU
		{133879FC-E09D-4F6D-947D-BCF14DDEF6CC}.Release|Any CPU.ActiveCfg = Release|Any CPU
		{133879FC-E09D-4F6D-947D-BCF14DDEF6CC}.Release|Any CPU.Build.0 = Release|Any CPU
		{06A41B61-9C54-45D1-84D6-A97EC3699D91}.Debug|Any CPU.ActiveCfg = Debug
		{06A41B61-9C54-45D1-84D6-A97EC3699D91}.Release|Any CPU.ActiveCfg = Release
	EndGlobalSection
	GlobalSection(SolutionProperties) = preSolution
		HideSolutionNode = FALSE
	EndGlobalSection
	GlobalSection(ExtensibilityGlobals) = postSolution
		SolutionGuid = {CCAA1DAC-F9B4-42B9-AB10-964C514E85BE}
	EndGlobalSection
EndGlobal
